
Microsoft Visual Studio Solution File, Format Version 12.00
# Visual Studio 15
VisualStudioVersion = 15.0.27130.0
MinimumVisualStudioVersion = 10.0.40219.1
Project("{FAE04EC0-301F-11D3-BF4B-00C04F79EFBC}") = "Proyecto.Android", "Proyecto\Proyecto.Android\Proyecto.Android.csproj", "{B1ECCD48-68AA-40E3-8DE1-50D34478734E}"
EndProject
Project("{FAE04EC0-301F-11D3-BF4B-00C04F79EFBC}") = "Proyecto.iOS", "Proyecto\Proyecto.iOS\Proyecto.iOS.csproj", "{2DC68A72-B412-495B-B0F0-734B9691C7AD}"
EndProject
Project("{FAE04EC0-301F-11D3-BF4B-00C04F79EFBC}") = "Proyecto.UWP", "Proyecto\Proyecto.UWP\Proyecto.UWP.csproj", "{50C51465-E0F3-49A0-BBFE-0973DC281567}"
EndProject
Project("{D954291E-2A0B-460D-934E-DC6B0785DB48}") = "Proyecto", "Proyecto\Proyecto\Proyecto.shproj", "{01EFDB04-319F-4D36-9590-998C15FF2B4C}"
EndProject
Global
	GlobalSection(SharedMSBuildProjectFiles) = preSolution
		Proyecto\Proyecto\Proyecto.projitems*{01efdb04-319f-4d36-9590-998c15ff2b4c}*SharedItemsImports = 13
		Proyecto\Proyecto\Proyecto.projitems*{2dc68a72-b412-495b-b0f0-734b9691c7ad}*SharedItemsImports = 4
		Proyecto\Proyecto\Proyecto.projitems*{50c51465-e0f3-49a0-bbfe-0973dc281567}*SharedItemsImports = 4
		Proyecto\Proyecto\Proyecto.projitems*{b1eccd48-68aa-40e3-8de1-50d34478734e}*SharedItemsImports = 4
	EndGlobalSection
	GlobalSection(SolutionConfigurationPlatforms) = preSolution
		Ad-Hoc|Any CPU = Ad-Hoc|Any CPU
		Ad-Hoc|ARM = Ad-Hoc|ARM
		Ad-Hoc|iPhone = Ad-Hoc|iPhone
		Ad-Hoc|iPhoneSimulator = Ad-Hoc|iPhoneSimulator
		Ad-Hoc|x64 = Ad-Hoc|x64
		Ad-Hoc|x86 = Ad-Hoc|x86
		AppStore|Any CPU = AppStore|Any CPU
		AppStore|ARM = AppStore|ARM
		AppStore|iPhone = AppStore|iPhone
		AppStore|iPhoneSimulator = AppStore|iPhoneSimulator
		AppStore|x64 = AppStore|x64
		AppStore|x86 = AppStore|x86
		Debug|Any CPU = Debug|Any CPU
		Debug|ARM = Debug|ARM
		Debug|iPhone = Debug|iPhone
		Debug|iPhoneSimulator = Debug|iPhoneSimulator
		Debug|x64 = Debug|x64
		Debug|x86 = Debug|x86
		Release|Any CPU = Release|Any CPU
		Release|ARM = Release|ARM
		Release|iPhone = Release|iPhone
		Release|iPhoneSimulator = Release|iPhoneSimulator
		Release|x64 = Release|x64
		Release|x86 = Release|x86
	EndGlobalSection
	GlobalSection(ProjectConfigurationPlatforms) = postSolution
		{B1ECCD48-68AA-40E3-8DE1-50D34478734E}.Ad-Hoc|Any CPU.ActiveCfg = Release|Any CPU
		{B1ECCD48-68AA-40E3-8DE1-50D34478734E}.Ad-Hoc|Any CPU.Build.0 = Release|Any CPU
		{B1ECCD48-68AA-40E3-8DE1-50D34478734E}.Ad-Hoc|Any CPU.Deploy.0 = Release|Any CPU
		{B1ECCD48-68AA-40E3-8DE1-50D34478734E}.Ad-Hoc|ARM.ActiveCfg = Release|Any CPU
		{B1ECCD48-68AA-40E3-8DE1-50D34478734E}.Ad-Hoc|ARM.Build.0 = Release|Any CPU
		{B1ECCD48-68AA-40E3-8DE1-50D34478734E}.Ad-Hoc|ARM.Deploy.0 = Release|Any CPU
		{B1ECCD48-68AA-40E3-8DE1-50D34478734E}.Ad-Hoc|iPhone.ActiveCfg = Release|Any CPU
		{B1ECCD48-68AA-40E3-8DE1-50D34478734E}.Ad-Hoc|iPhone.Build.0 = Release|Any CPU
		{B1ECCD48-68AA-40E3-8DE1-50D34478734E}.Ad-Hoc|iPhone.Deploy.0 = Release|Any CPU
		{B1ECCD48-68AA-40E3-8DE1-50D34478734E}.Ad-Hoc|iPhoneSimulator.ActiveCfg = Release|Any CPU
		{B1ECCD48-68AA-40E3-8DE1-50D34478734E}.Ad-Hoc|iPhoneSimulator.Build.0 = Release|Any CPU
		{B1ECCD48-68AA-40E3-8DE1-50D34478734E}.Ad-Hoc|iPhoneSimulator.Deploy.0 = Release|Any CPU
		{B1ECCD48-68AA-40E3-8DE1-50D34478734E}.Ad-Hoc|x64.ActiveCfg = Release|Any CPU
		{B1ECCD48-68AA-40E3-8DE1-50D34478734E}.Ad-Hoc|x64.Build.0 = Release|Any CPU
		{B1ECCD48-68AA-40E3-8DE1-50D34478734E}.Ad-Hoc|x64.Deploy.0 = Release|Any CPU
		{B1ECCD48-68AA-40E3-8DE1-50D34478734E}.Ad-Hoc|x86.ActiveCfg = Release|Any CPU
		{B1ECCD48-68AA-40E3-8DE1-50D34478734E}.Ad-Hoc|x86.Build.0 = Release|Any CPU
		{B1ECCD48-68AA-40E3-8DE1-50D34478734E}.Ad-Hoc|x86.Deploy.0 = Release|Any CPU
		{B1ECCD48-68AA-40E3-8DE1-50D34478734E}.AppStore|Any CPU.ActiveCfg = Release|Any CPU
		{B1ECCD48-68AA-40E3-8DE1-50D34478734E}.AppStore|Any CPU.Build.0 = Release|Any CPU
		{B1ECCD48-68AA-40E3-8DE1-50D34478734E}.AppStore|Any CPU.Deploy.0 = Release|Any CPU
		{B1ECCD48-68AA-40E3-8DE1-50D34478734E}.AppStore|ARM.ActiveCfg = Release|Any CPU
		{B1ECCD48-68AA-40E3-8DE1-50D34478734E}.AppStore|ARM.Build.0 = Release|Any CPU
		{B1ECCD48-68AA-40E3-8DE1-50D34478734E}.AppStore|ARM.Deploy.0 = Release|Any CPU
		{B1ECCD48-68AA-40E3-8DE1-50D34478734E}.AppStore|iPhone.ActiveCfg = Release|Any CPU
		{B1ECCD48-68AA-40E3-8DE1-50D34478734E}.AppStore|iPhone.Build.0 = Release|Any CPU
		{B1ECCD48-68AA-40E3-8DE1-50D34478734E}.AppStore|iPhone.Deploy.0 = Release|Any CPU
		{B1ECCD48-68AA-40E3-8DE1-50D34478734E}.AppStore|iPhoneSimulator.ActiveCfg = Release|Any CPU
		{B1ECCD48-68AA-40E3-8DE1-50D34478734E}.AppStore|iPhoneSimulator.Build.0 = Release|Any CPU
		{B1ECCD48-68AA-40E3-8DE1-50D34478734E}.AppStore|iPhoneSimulator.Deploy.0 = Release|Any CPU
		{B1ECCD48-68AA-40E3-8DE1-50D34478734E}.AppStore|x64.ActiveCfg = Release|Any CPU
		{B1ECCD48-68AA-40E3-8DE1-50D34478734E}.AppStore|x64.Build.0 = Release|Any CPU
		{B1ECCD48-68AA-40E3-8DE1-50D34478734E}.AppStore|x64.Deploy.0 = Release|Any CPU
		{B1ECCD48-68AA-40E3-8DE1-50D34478734E}.AppStore|x86.ActiveCfg = Release|Any CPU
		{B1ECCD48-68AA-40E3-8DE1-50D34478734E}.AppStore|x86.Build.0 = Release|Any CPU
		{B1ECCD48-68AA-40E3-8DE1-50D34478734E}.AppStore|x86.Deploy.0 = Release|Any CPU
		{B1ECCD48-68AA-40E3-8DE1-50D34478734E}.Debug|Any CPU.ActiveCfg = Debug|Any CPU
		{B1ECCD48-68AA-40E3-8DE1-50D34478734E}.Debug|Any CPU.Build.0 = Debug|Any CPU
		{B1ECCD48-68AA-40E3-8DE1-50D34478734E}.Debug|Any CPU.Deploy.0 = Debug|Any CPU
		{B1ECCD48-68AA-40E3-8DE1-50D34478734E}.Debug|ARM.ActiveCfg = Debug|Any CPU
		{B1ECCD48-68AA-40E3-8DE1-50D34478734E}.Debug|ARM.Build.0 = Debug|Any CPU
		{B1ECCD48-68AA-40E3-8DE1-50D34478734E}.Debug|ARM.Deploy.0 = Debug|Any CPU
		{B1ECCD48-68AA-40E3-8DE1-50D34478734E}.Debug|iPhone.ActiveCfg = Debug|Any CPU
		{B1ECCD48-68AA-40E3-8DE1-50D34478734E}.Debug|iPhone.Build.0 = Debug|Any CPU
		{B1ECCD48-68AA-40E3-8DE1-50D34478734E}.Debug|iPhone.Deploy.0 = Debug|Any CPU
		{B1ECCD48-68AA-40E3-8DE1-50D34478734E}.Debug|iPhoneSimulator.ActiveCfg = Debug|Any CPU
		{B1ECCD48-68AA-40E3-8DE1-50D34478734E}.Debug|iPhoneSimulator.Build.0 = Debug|Any CPU
		{B1ECCD48-68AA-40E3-8DE1-50D34478734E}.Debug|iPhoneSimulator.Deploy.0 = Debug|Any CPU
		{B1ECCD48-68AA-40E3-8DE1-50D34478734E}.Debug|x64.ActiveCfg = Debug|Any CPU
		{B1ECCD48-68AA-40E3-8DE1-50D34478734E}.Debug|x64.Build.0 = Debug|Any CPU
		{B1ECCD48-68AA-40E3-8DE1-50D34478734E}.Debug|x64.Deploy.0 = Debug|Any CPU
		{B1ECCD48-68AA-40E3-8DE1-50D34478734E}.Debug|x86.ActiveCfg = Debug|Any CPU
		{B1ECCD48-68AA-40E3-8DE1-50D34478734E}.Debug|x86.Build.0 = Debug|Any CPU
		{B1ECCD48-68AA-40E3-8DE1-50D34478734E}.Debug|x86.Deploy.0 = Debug|Any CPU
		{B1ECCD48-68AA-40E3-8DE1-50D34478734E}.Release|Any CPU.ActiveCfg = Release|Any CPU
		{B1ECCD48-68AA-40E3-8DE1-50D34478734E}.Release|Any CPU.Build.0 = Release|Any CPU
		{B1ECCD48-68AA-40E3-8DE1-50D34478734E}.Release|Any CPU.Deploy.0 = Release|Any CPU
		{B1ECCD48-68AA-40E3-8DE1-50D34478734E}.Release|ARM.ActiveCfg = Release|Any CPU
		{B1ECCD48-68AA-40E3-8DE1-50D34478734E}.Release|ARM.Build.0 = Release|Any CPU
		{B1ECCD48-68AA-40E3-8DE1-50D34478734E}.Release|ARM.Deploy.0 = Release|Any CPU
		{B1ECCD48-68AA-40E3-8DE1-50D34478734E}.Release|iPhone.ActiveCfg = Release|Any CPU
		{B1ECCD48-68AA-40E3-8DE1-50D34478734E}.Release|iPhone.Build.0 = Release|Any CPU
		{B1ECCD48-68AA-40E3-8DE1-50D34478734E}.Release|iPhone.Deploy.0 = Release|Any CPU
		{B1ECCD48-68AA-40E3-8DE1-50D34478734E}.Release|iPhoneSimulator.ActiveCfg = Release|Any CPU
		{B1ECCD48-68AA-40E3-8DE1-50D34478734E}.Release|iPhoneSimulator.Build.0 = Release|Any CPU
		{B1ECCD48-68AA-40E3-8DE1-50D34478734E}.Release|iPhoneSimulator.Deploy.0 = Release|Any CPU
		{B1ECCD48-68AA-40E3-8DE1-50D34478734E}.Release|x64.ActiveCfg = Release|Any CPU
		{B1ECCD48-68AA-40E3-8DE1-50D34478734E}.Release|x64.Build.0 = Release|Any CPU
		{B1ECCD48-68AA-40E3-8DE1-50D34478734E}.Release|x64.Deploy.0 = Release|Any CPU
		{B1ECCD48-68AA-40E3-8DE1-50D34478734E}.Release|x86.ActiveCfg = Release|Any CPU
		{B1ECCD48-68AA-40E3-8DE1-50D34478734E}.Release|x86.Build.0 = Release|Any CPU
		{B1ECCD48-68AA-40E3-8DE1-50D34478734E}.Release|x86.Deploy.0 = Release|Any CPU
		{2DC68A72-B412-495B-B0F0-734B9691C7AD}.Ad-Hoc|Any CPU.ActiveCfg = Ad-Hoc|iPhone
		{2DC68A72-B412-495B-B0F0-734B9691C7AD}.Ad-Hoc|ARM.ActiveCfg = Ad-Hoc|iPhone
		{2DC68A72-B412-495B-B0F0-734B9691C7AD}.Ad-Hoc|iPhone.ActiveCfg = Ad-Hoc|iPhone
		{2DC68A72-B412-495B-B0F0-734B9691C7AD}.Ad-Hoc|iPhone.Build.0 = Ad-Hoc|iPhone
		{2DC68A72-B412-495B-B0F0-734B9691C7AD}.Ad-Hoc|iPhoneSimulator.ActiveCfg = Ad-Hoc|iPhoneSimulator
		{2DC68A72-B412-495B-B0F0-734B9691C7AD}.Ad-Hoc|iPhoneSimulator.Build.0 = Ad-Hoc|iPhoneSimulator
		{2DC68A72-B412-495B-B0F0-734B9691C7AD}.Ad-Hoc|x64.ActiveCfg = Ad-Hoc|iPhone
		{2DC68A72-B412-495B-B0F0-734B9691C7AD}.Ad-Hoc|x86.ActiveCfg = Ad-Hoc|iPhone
		{2DC68A72-B412-495B-B0F0-734B9691C7AD}.AppStore|Any CPU.ActiveCfg = AppStore|iPhone
		{2DC68A72-B412-495B-B0F0-734B9691C7AD}.AppStore|ARM.ActiveCfg = AppStore|iPhone
		{2DC68A72-B412-495B-B0F0-734B9691C7AD}.AppStore|iPhone.ActiveCfg = AppStore|iPhone
		{2DC68A72-B412-495B-B0F0-734B9691C7AD}.AppStore|iPhone.Build.0 = AppStore|iPhone
		{2DC68A72-B412-495B-B0F0-734B9691C7AD}.AppStore|iPhoneSimulator.ActiveCfg = AppStore|iPhoneSimulator
		{2DC68A72-B412-495B-B0F0-734B9691C7AD}.AppStore|iPhoneSimulator.Build.0 = AppStore|iPhoneSimulator
		{2DC68A72-B412-495B-B0F0-734B9691C7AD}.AppStore|x64.ActiveCfg = AppStore|iPhone
		{2DC68A72-B412-495B-B0F0-734B9691C7AD}.AppStore|x86.ActiveCfg = AppStore|iPhone
		{2DC68A72-B412-495B-B0F0-734B9691C7AD}.Debug|Any CPU.ActiveCfg = Debug|iPhone
		{2DC68A72-B412-495B-B0F0-734B9691C7AD}.Debug|ARM.ActiveCfg = Debug|iPhone
		{2DC68A72-B412-495B-B0F0-734B9691C7AD}.Debug|iPhone.ActiveCfg = Debug|iPhone
		{2DC68A72-B412-495B-B0F0-734B9691C7AD}.Debug|iPhone.Build.0 = Debug|iPhone
		{2DC68A72-B412-495B-B0F0-734B9691C7AD}.Debug|iPhoneSimulator.ActiveCfg = Debug|iPhoneSimulator
		{2DC68A72-B412-495B-B0F0-734B9691C7AD}.Debug|iPhoneSimulator.Build.0 = Debug|iPhoneSimulator
		{2DC68A72-B412-495B-B0F0-734B9691C7AD}.Debug|x64.ActiveCfg = Debug|iPhone
		{2DC68A72-B412-495B-B0F0-734B9691C7AD}.Debug|x86.ActiveCfg = Debug|iPhone
		{2DC68A72-B412-495B-B0F0-734B9691C7AD}.Release|Any CPU.ActiveCfg = Release|iPhone
		{2DC68A72-B412-495B-B0F0-734B9691C7AD}.Release|ARM.ActiveCfg = Release|iPhone
		{2DC68A72-B412-495B-B0F0-734B9691C7AD}.Release|iPhone.ActiveCfg = Release|iPhone
		{2DC68A72-B412-495B-B0F0-734B9691C7AD}.Release|iPhone.Build.0 = Release|iPhone
		{2DC68A72-B412-495B-B0F0-734B9691C7AD}.Release|iPhoneSimulator.ActiveCfg = Release|iPhoneSimulator
		{2DC68A72-B412-495B-B0F0-734B9691C7AD}.Release|iPhoneSimulator.Build.0 = Release|iPhoneSimulator
		{2DC68A72-B412-495B-B0F0-734B9691C7AD}.Release|x64.ActiveCfg = Release|iPhone
		{2DC68A72-B412-495B-B0F0-734B9691C7AD}.Release|x86.ActiveCfg = Release|iPhone
		{50C51465-E0F3-49A0-BBFE-0973DC281567}.Ad-Hoc|Any CPU.ActiveCfg = Release|x86
		{50C51465-E0F3-49A0-BBFE-0973DC281567}.Ad-Hoc|Any CPU.Build.0 = Release|x86
		{50C51465-E0F3-49A0-BBFE-0973DC281567}.Ad-Hoc|Any CPU.Deploy.0 = Release|x86
		{50C51465-E0F3-49A0-BBFE-0973DC281567}.Ad-Hoc|ARM.ActiveCfg = Release|ARM
		{50C51465-E0F3-49A0-BBFE-0973DC281567}.Ad-Hoc|ARM.Build.0 = Release|ARM
		{50C51465-E0F3-49A0-BBFE-0973DC281567}.Ad-Hoc|ARM.Deploy.0 = Release|ARM
		{50C51465-E0F3-49A0-BBFE-0973DC281567}.Ad-Hoc|iPhone.ActiveCfg = Release|x86
		{50C51465-E0F3-49A0-BBFE-0973DC281567}.Ad-Hoc|iPhone.Build.0 = Release|x86
		{50C51465-E0F3-49A0-BBFE-0973DC281567}.Ad-Hoc|iPhone.Deploy.0 = Release|x86
		{50C51465-E0F3-49A0-BBFE-0973DC281567}.Ad-Hoc|iPhoneSimulator.ActiveCfg = Release|x86
		{50C51465-E0F3-49A0-BBFE-0973DC281567}.Ad-Hoc|iPhoneSimulator.Build.0 = Release|x86
		{50C51465-E0F3-49A0-BBFE-0973DC281567}.Ad-Hoc|iPhoneSimulator.Deploy.0 = Release|x86
		{50C51465-E0F3-49A0-BBFE-0973DC281567}.Ad-Hoc|x64.ActiveCfg = Release|x64
		{50C51465-E0F3-49A0-BBFE-0973DC281567}.Ad-Hoc|x64.Build.0 = Release|x64
		{50C51465-E0F3-49A0-BBFE-0973DC281567}.Ad-Hoc|x64.Deploy.0 = Release|x64
		{50C51465-E0F3-49A0-BBFE-0973DC281567}.Ad-Hoc|x86.ActiveCfg = Release|x86
		{50C51465-E0F3-49A0-BBFE-0973DC281567}.Ad-Hoc|x86.Build.0 = Release|x86
		{50C51465-E0F3-49A0-BBFE-0973DC281567}.Ad-Hoc|x86.Deploy.0 = Release|x86
		{50C51465-E0F3-49A0-BBFE-0973DC281567}.AppStore|Any CPU.ActiveCfg = Release|x86
		{50C51465-E0F3-49A0-BBFE-0973DC281567}.AppStore|Any CPU.Build.0 = Release|x86
		{50C51465-E0F3-49A0-BBFE-0973DC281567}.AppStore|Any CPU.Deploy.0 = Release|x86
		{50C51465-E0F3-49A0-BBFE-0973DC281567}.AppStore|ARM.ActiveCfg = Release|ARM
		{50C51465-E0F3-49A0-BBFE-0973DC281567}.AppStore|ARM.Build.0 = Release|ARM
		{50C51465-E0F3-49A0-BBFE-0973DC281567}.AppStore|ARM.Deploy.0 = Release|ARM
		{50C51465-E0F3-49A0-BBFE-0973DC281567}.AppStore|iPhone.ActiveCfg = Release|x86
		{50C51465-E0F3-49A0-BBFE-0973DC281567}.AppStore|iPhone.Build.0 = Release|x86
		{50C51465-E0F3-49A0-BBFE-0973DC281567}.AppStore|iPhone.Deploy.0 = Release|x86
		{50C51465-E0F3-49A0-BBFE-0973DC281567}.AppStore|iPhoneSimulator.ActiveCfg = Release|x86
		{50C51465-E0F3-49A0-BBFE-0973DC281567}.AppStore|iPhoneSimulator.Build.0 = Release|x86
		{50C51465-E0F3-49A0-BBFE-0973DC281567}.AppStore|iPhoneSimulator.Deploy.0 = Release|x86
		{50C51465-E0F3-49A0-BBFE-0973DC281567}.AppStore|x64.ActiveCfg = Release|x64
		{50C51465-E0F3-49A0-BBFE-0973DC281567}.AppStore|x64.Build.0 = Release|x64
		{50C51465-E0F3-49A0-BBFE-0973DC281567}.AppStore|x64.Deploy.0 = Release|x64
		{50C51465-E0F3-49A0-BBFE-0973DC281567}.AppStore|x86.ActiveCfg = Release|x86
		{50C51465-E0F3-49A0-BBFE-0973DC281567}.AppStore|x86.Build.0 = Release|x86
		{50C51465-E0F3-49A0-BBFE-0973DC281567}.AppStore|x86.Deploy.0 = Release|x86
		{50C51465-E0F3-49A0-BBFE-0973DC281567}.Debug|Any CPU.ActiveCfg = Debug|x86
		{50C51465-E0F3-49A0-BBFE-0973DC281567}.Debug|ARM.ActiveCfg = Debug|ARM
		{50C51465-E0F3-49A0-BBFE-0973DC281567}.Debug|ARM.Build.0 = Debug|ARM
		{50C51465-E0F3-49A0-BBFE-0973DC281567}.Debug|ARM.Deploy.0 = Debug|ARM
		{50C51465-E0F3-49A0-BBFE-0973DC281567}.Debug|iPhone.ActiveCfg = Debug|x86
		{50C51465-E0F3-49A0-BBFE-0973DC281567}.Debug|iPhoneSimulator.ActiveCfg = Debug|x86
		{50C51465-E0F3-49A0-BBFE-0973DC281567}.Debug|x64.ActiveCfg = Debug|x64
		{50C51465-E0F3-49A0-BBFE-0973DC281567}.Debug|x64.Build.0 = Debug|x64
		{50C51465-E0F3-49A0-BBFE-0973DC281567}.Debug|x64.Deploy.0 = Debug|x64
		{50C51465-E0F3-49A0-BBFE-0973DC281567}.Debug|x86.ActiveCfg = Debug|x86
		{50C51465-E0F3-49A0-BBFE-0973DC281567}.Debug|x86.Build.0 = Debug|x86
		{50C51465-E0F3-49A0-BBFE-0973DC281567}.Debug|x86.Deploy.0 = Debug|x86
		{50C51465-E0F3-49A0-BBFE-0973DC281567}.Release|Any CPU.ActiveCfg = Release|x86
		{50C51465-E0F3-49A0-BBFE-0973DC281567}.Release|ARM.ActiveCfg = Release|ARM
		{50C51465-E0F3-49A0-BBFE-0973DC281567}.Release|ARM.Build.0 = Release|ARM
		{50C51465-E0F3-49A0-BBFE-0973DC281567}.Release|ARM.Deploy.0 = Release|ARM
		{50C51465-E0F3-49A0-BBFE-0973DC281567}.Release|iPhone.ActiveCfg = Release|x86
		{50C51465-E0F3-49A0-BBFE-0973DC281567}.Release|iPhoneSimulator.ActiveCfg = Release|x86
		{50C51465-E0F3-49A0-BBFE-0973DC281567}.Release|x64.ActiveCfg = Release|x64
		{50C51465-E0F3-49A0-BBFE-0973DC281567}.Release|x64.Build.0 = Release|x64
		{50C51465-E0F3-49A0-BBFE-0973DC281567}.Release|x64.Deploy.0 = Release|x64
		{50C51465-E0F3-49A0-BBFE-0973DC281567}.Release|x86.ActiveCfg = Release|x86
		{50C51465-E0F3-49A0-BBFE-0973DC281567}.Release|x86.Build.0 = Release|x86
		{50C51465-E0F3-49A0-BBFE-0973DC281567}.Release|x86.Deploy.0 = Release|x86
	EndGlobalSection
	GlobalSection(SolutionProperties) = preSolution
		HideSolutionNode = FALSE
	EndGlobalSection
	GlobalSection(ExtensibilityGlobals) = postSolution
		SolutionGuid = {58C47719-2D8D-49F7-BAA7-64C8344ADC4F}
	EndGlobalSection
EndGlobal
